
Microsoft Visual Studio Solution File, Format Version 12.00
# Visual Studio 15
VisualStudioVersion = 15.0.27703.2047
MinimumVisualStudioVersion = 10.0.40219.1
Project("{FAE04EC0-301F-11D3-BF4B-00C04F79EFBC}") = "Course", "Course\Course.csproj", "{EA8FF0C2-1FB1-40D6-95F4-06E993E1CA3B}"
EndProject
Global
	GlobalSection(SolutionConfigurationPlatforms) = preSolution
		Debug|Any CPU = Debug|Any CPU
		Release|Any CPU = Release|Any CPU
	EndGlobalSection
	GlobalSection(ProjectConfigurationPlatforms) = postSolution
		{EA8FF0C2-1FB1-40D6-95F4-06E993E1CA3B}.Debug|Any CPU.ActiveCfg = Debug|Any CPU
		{EA8FF0C2-1FB1-40D6-95F4-06E993E1CA3B}.Debug|Any CPU.Build.0 = Debug|Any CPU
		{EA8FF0C2-1FB1-40D6-95F4-06E993E1CA3B}.Release|Any CPU.ActiveCfg = Release|Any CPU
		{EA8FF0C2-1FB1-40D6-95F4-06E993E1CA3B}.Release|Any CPU.Build.0 = Release|Any CPU
	EndGlobalSection
	GlobalSection(SolutionProperties) = preSolution
		HideSolutionNode = FALSE
	EndGlobalSection
	GlobalSection(ExtensibilityGlobals) = postSolution
		SolutionGuid = {86BFDAF8-84A7-46CD-B9F0-07E5693D618F}
	EndGlobalSection
EndGlobal
